<?xml version="1.0" encoding="UTF-8"?>
<Project ToolsVersion="14.0" xmlns="http://schemas.microsoft.com/developer/msbuild/2003">
  <ItemGroup>
    <ClCompile Include="C:\Users\reola\Downloads\Lab1-Answers (1)\src\task1-solution3.cpp">
      <Filter>Source Files</Filter>
    </ClCompile>
  </ItemGroup>
  <ItemGroup>
    <CustomBuild Include="C:\Users\reola\Downloads\Lab1-Answers (1)\cmake\CMakeLists.txt" />
  </ItemGroup>
  <ItemGroup>
    <Filter Include="Source Files">
      <UniqueIdentifier>{170EFD26-9354-32AD-A472-413B2D422E1B}</UniqueIdentifier>
    </Filter>
  </ItemGroup>
</Project>
