Microsoft Visual Studio Solution File, Format Version 12.00
# Visual Studio 14
Project("{8BC9CEB8-8B4A-11D0-8D11-00A0C91BC942}") = "ALL_BUILD", "ALL_BUILD.vcxproj", "{00113D46-0142-4109-9373-65EAA4F14570}"
	ProjectSection(ProjectDependencies) = postProject
		{5F916BB8-9D81-4E5D-B146-EF0E8DB79F49} = {5F916BB8-9D81-4E5D-B146-EF0E8DB79F49}
		{BC9D377D-C3C1-46FC-BA33-4F604B236C93} = {BC9D377D-C3C1-46FC-BA33-4F604B236C93}
	EndProjectSection
EndProject
Project("{8BC9CEB8-8B4A-11D0-8D11-00A0C91BC942}") = "ZERO_CHECK", "ZERO_CHECK.vcxproj", "{5F916BB8-9D81-4E5D-B146-EF0E8DB79F49}"
	ProjectSection(ProjectDependencies) = postProject
	EndProjectSection
EndProject
Project("{8BC9CEB8-8B4A-11D0-8D11-00A0C91BC942}") = "assignment1", "assignment1.vcxproj", "{BC9D377D-C3C1-46FC-BA33-4F604B236C93}"
	ProjectSection(ProjectDependencies) = postProject
		{5F916BB8-9D81-4E5D-B146-EF0E8DB79F49} = {5F916BB8-9D81-4E5D-B146-EF0E8DB79F49}
	EndProjectSection
EndProject
Global
	GlobalSection(SolutionConfigurationPlatforms) = preSolution
		Debug|x64 = Debug|x64
		Release|x64 = Release|x64
		MinSizeRel|x64 = MinSizeRel|x64
		RelWithDebInfo|x64 = RelWithDebInfo|x64
	EndGlobalSection
	GlobalSection(ProjectConfigurationPlatforms) = postSolution
		{00113D46-0142-4109-9373-65EAA4F14570}.Debug|x64.ActiveCfg = Debug|x64
		{00113D46-0142-4109-9373-65EAA4F14570}.Release|x64.ActiveCfg = Release|x64
		{00113D46-0142-4109-9373-65EAA4F14570}.MinSizeRel|x64.ActiveCfg = MinSizeRel|x64
		{00113D46-0142-4109-9373-65EAA4F14570}.RelWithDebInfo|x64.ActiveCfg = RelWithDebInfo|x64
		{5F916BB8-9D81-4E5D-B146-EF0E8DB79F49}.Debug|x64.ActiveCfg = Debug|x64
		{5F916BB8-9D81-4E5D-B146-EF0E8DB79F49}.Debug|x64.Build.0 = Debug|x64
		{5F916BB8-9D81-4E5D-B146-EF0E8DB79F49}.Release|x64.ActiveCfg = Release|x64
		{5F916BB8-9D81-4E5D-B146-EF0E8DB79F49}.Release|x64.Build.0 = Release|x64
		{5F916BB8-9D81-4E5D-B146-EF0E8DB79F49}.MinSizeRel|x64.ActiveCfg = MinSizeRel|x64
		{5F916BB8-9D81-4E5D-B146-EF0E8DB79F49}.MinSizeRel|x64.Build.0 = MinSizeRel|x64
		{5F916BB8-9D81-4E5D-B146-EF0E8DB79F49}.RelWithDebInfo|x64.ActiveCfg = RelWithDebInfo|x64
		{5F916BB8-9D81-4E5D-B146-EF0E8DB79F49}.RelWithDebInfo|x64.Build.0 = RelWithDebInfo|x64
		{BC9D377D-C3C1-46FC-BA33-4F604B236C93}.Debug|x64.ActiveCfg = Debug|x64
		{BC9D377D-C3C1-46FC-BA33-4F604B236C93}.Debug|x64.Build.0 = Debug|x64
		{BC9D377D-C3C1-46FC-BA33-4F604B236C93}.Release|x64.ActiveCfg = Release|x64
		{BC9D377D-C3C1-46FC-BA33-4F604B236C93}.Release|x64.Build.0 = Release|x64
		{BC9D377D-C3C1-46FC-BA33-4F604B236C93}.MinSizeRel|x64.ActiveCfg = MinSizeRel|x64
		{BC9D377D-C3C1-46FC-BA33-4F604B236C93}.MinSizeRel|x64.Build.0 = MinSizeRel|x64
		{BC9D377D-C3C1-46FC-BA33-4F604B236C93}.RelWithDebInfo|x64.ActiveCfg = RelWithDebInfo|x64
		{BC9D377D-C3C1-46FC-BA33-4F604B236C93}.RelWithDebInfo|x64.Build.0 = RelWithDebInfo|x64
	EndGlobalSection
	GlobalSection(ExtensibilityGlobals) = postSolution
	EndGlobalSection
	GlobalSection(ExtensibilityAddIns) = postSolution
	EndGlobalSection
EndGlobal
