Microsoft Visual Studio Solution File, Format Version 12.00
# Visual Studio 14
Project("{8BC9CEB8-8B4A-11D0-8D11-00A0C91BC942}") = "ALL_BUILD", "ALL_BUILD.vcxproj", "{746CB8AF-C2AD-4053-9E95-83AAFA5DAB4B}"
	ProjectSection(ProjectDependencies) = postProject
		{8C3A22AA-BD7B-45B1-B8B7-BA67D4415D66} = {8C3A22AA-BD7B-45B1-B8B7-BA67D4415D66}
		{27007EE6-357F-45BB-8395-0C6469F8E018} = {27007EE6-357F-45BB-8395-0C6469F8E018}
	EndProjectSection
EndProject
Project("{8BC9CEB8-8B4A-11D0-8D11-00A0C91BC942}") = "ZERO_CHECK", "ZERO_CHECK.vcxproj", "{8C3A22AA-BD7B-45B1-B8B7-BA67D4415D66}"
	ProjectSection(ProjectDependencies) = postProject
	EndProjectSection
EndProject
Project("{8BC9CEB8-8B4A-11D0-8D11-00A0C91BC942}") = "assignment1", "assignment1.vcxproj", "{27007EE6-357F-45BB-8395-0C6469F8E018}"
	ProjectSection(ProjectDependencies) = postProject
		{8C3A22AA-BD7B-45B1-B8B7-BA67D4415D66} = {8C3A22AA-BD7B-45B1-B8B7-BA67D4415D66}
	EndProjectSection
EndProject
Global
	GlobalSection(SolutionConfigurationPlatforms) = preSolution
		Debug|Win32 = Debug|Win32
		Release|Win32 = Release|Win32
		MinSizeRel|Win32 = MinSizeRel|Win32
		RelWithDebInfo|Win32 = RelWithDebInfo|Win32
	EndGlobalSection
	GlobalSection(ProjectConfigurationPlatforms) = postSolution
		{746CB8AF-C2AD-4053-9E95-83AAFA5DAB4B}.Debug|Win32.ActiveCfg = Debug|Win32
		{746CB8AF-C2AD-4053-9E95-83AAFA5DAB4B}.Release|Win32.ActiveCfg = Release|Win32
		{746CB8AF-C2AD-4053-9E95-83AAFA5DAB4B}.MinSizeRel|Win32.ActiveCfg = MinSizeRel|Win32
		{746CB8AF-C2AD-4053-9E95-83AAFA5DAB4B}.RelWithDebInfo|Win32.ActiveCfg = RelWithDebInfo|Win32
		{8C3A22AA-BD7B-45B1-B8B7-BA67D4415D66}.Debug|Win32.ActiveCfg = Debug|Win32
		{8C3A22AA-BD7B-45B1-B8B7-BA67D4415D66}.Debug|Win32.Build.0 = Debug|Win32
		{8C3A22AA-BD7B-45B1-B8B7-BA67D4415D66}.Release|Win32.ActiveCfg = Release|Win32
		{8C3A22AA-BD7B-45B1-B8B7-BA67D4415D66}.Release|Win32.Build.0 = Release|Win32
		{8C3A22AA-BD7B-45B1-B8B7-BA67D4415D66}.MinSizeRel|Win32.ActiveCfg = MinSizeRel|Win32
		{8C3A22AA-BD7B-45B1-B8B7-BA67D4415D66}.MinSizeRel|Win32.Build.0 = MinSizeRel|Win32
		{8C3A22AA-BD7B-45B1-B8B7-BA67D4415D66}.RelWithDebInfo|Win32.ActiveCfg = RelWithDebInfo|Win32
		{8C3A22AA-BD7B-45B1-B8B7-BA67D4415D66}.RelWithDebInfo|Win32.Build.0 = RelWithDebInfo|Win32
		{27007EE6-357F-45BB-8395-0C6469F8E018}.Debug|Win32.ActiveCfg = Debug|Win32
		{27007EE6-357F-45BB-8395-0C6469F8E018}.Debug|Win32.Build.0 = Debug|Win32
		{27007EE6-357F-45BB-8395-0C6469F8E018}.Release|Win32.ActiveCfg = Release|Win32
		{27007EE6-357F-45BB-8395-0C6469F8E018}.Release|Win32.Build.0 = Release|Win32
		{27007EE6-357F-45BB-8395-0C6469F8E018}.MinSizeRel|Win32.ActiveCfg = MinSizeRel|Win32
		{27007EE6-357F-45BB-8395-0C6469F8E018}.MinSizeRel|Win32.Build.0 = MinSizeRel|Win32
		{27007EE6-357F-45BB-8395-0C6469F8E018}.RelWithDebInfo|Win32.ActiveCfg = RelWithDebInfo|Win32
		{27007EE6-357F-45BB-8395-0C6469F8E018}.RelWithDebInfo|Win32.Build.0 = RelWithDebInfo|Win32
	EndGlobalSection
	GlobalSection(ExtensibilityGlobals) = postSolution
	EndGlobalSection
	GlobalSection(ExtensibilityAddIns) = postSolution
	EndGlobalSection
EndGlobal
