<?xml version="1.0" encoding="utf-8"?>
<Project ToolsVersion="14.0" xmlns="http://schemas.microsoft.com/developer/msbuild/2003">
  <ItemGroup>
    <ClCompile Include="C:\Users\reola\Documents\GitHub\Computer-Vision\Lab 4\src\test_my_vector.cpp">
      <Filter>Source Files</Filter>
    </ClCompile>
    <ClCompile Include="C:\Users\reola\Documents\GitHub\Computer-Vision\Lab 4\src\MyVector.cpp">
      <Filter>Source Files</Filter>
    </ClCompile>
    <ClCompile Include="numerical_inaccuracy.cpp">
      <Filter>Source Files</Filter>
    </ClCompile>
    <ClCompile Include="test_numerical_inaccuracy.cpp">
      <Filter>Source Files</Filter>
    </ClCompile>
  </ItemGroup>
  <ItemGroup>
    <ClInclude Include="C:\Users\reola\Documents\GitHub\Computer-Vision\Lab 4\include\MyVector.h">
      <Filter>Header Files</Filter>
    </ClInclude>
    <ClInclude Include="numerical_inaccuracy.h">
      <Filter>Header Files</Filter>
    </ClInclude>
  </ItemGroup>
  <ItemGroup>
    <CustomBuild Include="C:\Users\reola\Documents\GitHub\Computer-Vision\Lab 4\cmake\CMakeLists.txt" />
  </ItemGroup>
  <ItemGroup>
    <Filter Include="Source Files">
      <UniqueIdentifier>{288850D5-D7A2-4328-B9ED-7E4E08C702F9}</UniqueIdentifier>
    </Filter>
    <Filter Include="Header Files">
      <UniqueIdentifier>{0EB358CC-CF3A-41ED-8C0E-60E6E59E9E60}</UniqueIdentifier>
    </Filter>
  </ItemGroup>
</Project>